
Microsoft Visual Studio Solution File, Format Version 12.00
# Visual Studio Version 17
VisualStudioVersion = 17.3.32929.385
MinimumVisualStudioVersion = 10.0.40219.1
Project("{FAE04EC0-301F-11D3-BF4B-00C04F79EFBC}") = "6", "6\6.csproj", "{6ECA2FCC-EC3D-48C3-83C2-09E8E3E6DF2A}"
EndProject
Global
	GlobalSection(SolutionConfigurationPlatforms) = preSolution
		Debug|Any CPU = Debug|Any CPU
		Release|Any CPU = Release|Any CPU
	EndGlobalSection
	GlobalSection(ProjectConfigurationPlatforms) = postSolution
		{6ECA2FCC-EC3D-48C3-83C2-09E8E3E6DF2A}.Debug|Any CPU.ActiveCfg = Debug|Any CPU
		{6ECA2FCC-EC3D-48C3-83C2-09E8E3E6DF2A}.Debug|Any CPU.Build.0 = Debug|Any CPU
		{6ECA2FCC-EC3D-48C3-83C2-09E8E3E6DF2A}.Release|Any CPU.ActiveCfg = Release|Any CPU
		{6ECA2FCC-EC3D-48C3-83C2-09E8E3E6DF2A}.Release|Any CPU.Build.0 = Release|Any CPU
	EndGlobalSection
	GlobalSection(SolutionProperties) = preSolution
		HideSolutionNode = FALSE
	EndGlobalSection
	GlobalSection(ExtensibilityGlobals) = postSolution
		SolutionGuid = {740EB0F0-6FF1-4A34-AFD5-4080C0E30866}
	EndGlobalSection
EndGlobal
